
Microsoft Visual Studio Solution File, Format Version 12.00
# Visual Studio 15
VisualStudioVersion = 15.0.27703.2042
MinimumVisualStudioVersion = 10.0.40219.1
Project("{FAE04EC0-301F-11D3-BF4B-00C04F79EFBC}") = "Starts2000.EFCoreCodeFirst", "Starts2000.EFCoreCodeFirst\Starts2000.EFCoreCodeFirst.csproj", "{50181E2A-30E1-45A9-9D69-B4D213EEBB17}"
EndProject
Project("{FAE04EC0-301F-11D3-BF4B-00C04F79EFBC}") = "ConsoleApp1", "ConsoleApp1\ConsoleApp1.csproj", "{D169B64A-81EF-44B9-97A1-59CF2C2481CA}"
EndProject
Global
	GlobalSection(SolutionConfigurationPlatforms) = preSolution
		Debug|Any CPU = Debug|Any CPU
		Release|Any CPU = Release|Any CPU
	EndGlobalSection
	GlobalSection(ProjectConfigurationPlatforms) = postSolution
		{50181E2A-30E1-45A9-9D69-B4D213EEBB17}.Debug|Any CPU.ActiveCfg = Debug|Any CPU
		{50181E2A-30E1-45A9-9D69-B4D213EEBB17}.Debug|Any CPU.Build.0 = Debug|Any CPU
		{50181E2A-30E1-45A9-9D69-B4D213EEBB17}.Release|Any CPU.ActiveCfg = Release|Any CPU
		{50181E2A-30E1-45A9-9D69-B4D213EEBB17}.Release|Any CPU.Build.0 = Release|Any CPU
		{D169B64A-81EF-44B9-97A1-59CF2C2481CA}.Debug|Any CPU.ActiveCfg = Debug|Any CPU
		{D169B64A-81EF-44B9-97A1-59CF2C2481CA}.Debug|Any CPU.Build.0 = Debug|Any CPU
		{D169B64A-81EF-44B9-97A1-59CF2C2481CA}.Release|Any CPU.ActiveCfg = Release|Any CPU
		{D169B64A-81EF-44B9-97A1-59CF2C2481CA}.Release|Any CPU.Build.0 = Release|Any CPU
	EndGlobalSection
	GlobalSection(SolutionProperties) = preSolution
		HideSolutionNode = FALSE
	EndGlobalSection
	GlobalSection(ExtensibilityGlobals) = postSolution
		SolutionGuid = {64E21085-C3BC-463A-8762-717899A3C5D9}
	EndGlobalSection
EndGlobal
